
Microsoft Visual Studio Solution File, Format Version 12.00
# Visual Studio Version 17
VisualStudioVersion = 17.3.32825.248
MinimumVisualStudioVersion = 10.0.40219.1
Project("{9A19103F-16F7-4668-BE54-9A1E7A4F7556}") = "Rerun", "Rerun\Rerun.csproj", "{FE9B29E1-7FF1-4611-94C4-FC51A19B5AF9}"
EndProject
Project("{FAE04EC0-301F-11D3-BF4B-00C04F79EFBC}") = "Rerun-Editor", "Rerun-Editor\Rerun-Editor.csproj", "{81FEC427-75A5-4D6C-BC28-0CF1C29529B6}"
EndProject
Global
	GlobalSection(SolutionConfigurationPlatforms) = preSolution
		Debug|Any CPU = Debug|Any CPU
		Release|Any CPU = Release|Any CPU
	EndGlobalSection
	GlobalSection(ProjectConfigurationPlatforms) = postSolution
		{FE9B29E1-7FF1-4611-94C4-FC51A19B5AF9}.Debug|Any CPU.ActiveCfg = Debug|Any CPU
		{FE9B29E1-7FF1-4611-94C4-FC51A19B5AF9}.Debug|Any CPU.Build.0 = Debug|Any CPU
		{FE9B29E1-7FF1-4611-94C4-FC51A19B5AF9}.Release|Any CPU.ActiveCfg = Release|Any CPU
		{FE9B29E1-7FF1-4611-94C4-FC51A19B5AF9}.Release|Any CPU.Build.0 = Release|Any CPU
		{81FEC427-75A5-4D6C-BC28-0CF1C29529B6}.Debug|Any CPU.ActiveCfg = Debug|Any CPU
		{81FEC427-75A5-4D6C-BC28-0CF1C29529B6}.Debug|Any CPU.Build.0 = Debug|Any CPU
		{81FEC427-75A5-4D6C-BC28-0CF1C29529B6}.Release|Any CPU.ActiveCfg = Release|Any CPU
		{81FEC427-75A5-4D6C-BC28-0CF1C29529B6}.Release|Any CPU.Build.0 = Release|Any CPU
	EndGlobalSection
	GlobalSection(SolutionProperties) = preSolution
		HideSolutionNode = FALSE
	EndGlobalSection
	GlobalSection(ExtensibilityGlobals) = postSolution
		SolutionGuid = {AE55277D-6242-40D9-AF3D-7982DB4CD327}
	EndGlobalSection
EndGlobal
